// !$*UTF8*$!
{
	archiveVersion = 1;
	classes = {
	};
	objectVersion = 50;
	objects = {

/* Begin PBXBuildFile section */
		8B70273324366FBA00ABAEE2 /* TableViewController.swift in Sources */ = {isa = PBXBuildFile; fileRef = 8B70273224366FBA00ABAEE2 /* TableViewController.swift */; };
		8B7027352436720D00ABAEE2 /* CustomCell.swift in Sources */ = {isa = PBXBuildFile; fileRef = 8B7027342436720D00ABAEE2 /* CustomCell.swift */; };
		BD3EA3F4243BA75700223378 /* Explorar.storyboard in Resources */ = {isa = PBXBuildFile; fileRef = BD3EA3F2243BA75700223378 /* Explorar.storyboard */; };
		BD3EA3F6243BA77D00223378 /* ViewController_Explorar.swift in Sources */ = {isa = PBXBuildFile; fileRef = BD3EA3F5243BA77D00223378 /* ViewController_Explorar.swift */; };
		BDA860B6243263ED00EC3267 /* AppDelegate.swift in Sources */ = {isa = PBXBuildFile; fileRef = BDA860B5243263ED00EC3267 /* AppDelegate.swift */; };
		BDA860B8243263ED00EC3267 /* SceneDelegate.swift in Sources */ = {isa = PBXBuildFile; fileRef = BDA860B7243263ED00EC3267 /* SceneDelegate.swift */; };
		BDA860BA243263ED00EC3267 /* ViewController_main.swift in Sources */ = {isa = PBXBuildFile; fileRef = BDA860B9243263ED00EC3267 /* ViewController_main.swift */; };
		BDA860BD243263ED00EC3267 /* Main.storyboard in Resources */ = {isa = PBXBuildFile; fileRef = BDA860BB243263ED00EC3267 /* Main.storyboard */; };
		BDA860BF243263EE00EC3267 /* Assets.xcassets in Resources */ = {isa = PBXBuildFile; fileRef = BDA860BE243263EE00EC3267 /* Assets.xcassets */; };
		BDA860C2243263EE00EC3267 /* LaunchScreen.storyboard in Resources */ = {isa = PBXBuildFile; fileRef = BDA860C0243263EE00EC3267 /* LaunchScreen.storyboard */; };
		BDA860CD243263EE00EC3267 /* App_aprender_a_estudarTests.swift in Sources */ = {isa = PBXBuildFile; fileRef = BDA860CC243263EE00EC3267 /* App_aprender_a_estudarTests.swift */; };
		BDA860D8243263EE00EC3267 /* App_aprender_a_estudarUITests.swift in Sources */ = {isa = PBXBuildFile; fileRef = BDA860D7243263EE00EC3267 /* App_aprender_a_estudarUITests.swift */; };
		BDA860E62432691000EC3267 /* ViewController_menu.swift in Sources */ = {isa = PBXBuildFile; fileRef = BDA860E52432691000EC3267 /* ViewController_menu.swift */; };
		BDA860F524326AF600EC3267 /* Storyboard.storyboard in Resources */ = {isa = PBXBuildFile; fileRef = BDA860F324326AF600EC3267 /* Storyboard.storyboard */; };
		BDA860FA243271EB00EC3267 /* Menu.storyboard in Resources */ = {isa = PBXBuildFile; fileRef = BDA860F8243271EB00EC3267 /* Menu.storyboard */; };
		BDA860FC2432B62100EC3267 /* ViewController_AddEstudo.swift in Sources */ = {isa = PBXBuildFile; fileRef = BDA860FB2432B62100EC3267 /* ViewController_AddEstudo.swift */; };
		BDA860FF2432B66400EC3267 /* AddEstudo.storyboard in Resources */ = {isa = PBXBuildFile; fileRef = BDA860FD2432B66400EC3267 /* AddEstudo.storyboard */; };
		BDA86101243385B200EC3267 /* Estudo.swift in Sources */ = {isa = PBXBuildFile; fileRef = BDA86100243385B200EC3267 /* Estudo.swift */; };
/* End PBXBuildFile section */

/* Begin PBXContainerItemProxy section */
		BDA860C9243263EE00EC3267 /* PBXContainerItemProxy */ = {
			isa = PBXContainerItemProxy;
			containerPortal = BDA860AA243263ED00EC3267 /* Project object */;
			proxyType = 1;
			remoteGlobalIDString = BDA860B1243263ED00EC3267;
			remoteInfo = App_aprender_a_estudar;
		};
		BDA860D4243263EE00EC3267 /* PBXContainerItemProxy */ = {
			isa = PBXContainerItemProxy;
			containerPortal = BDA860AA243263ED00EC3267 /* Project object */;
			proxyType = 1;
			remoteGlobalIDString = BDA860B1243263ED00EC3267;
			remoteInfo = App_aprender_a_estudar;
		};
/* End PBXContainerItemProxy section */

/* Begin PBXFileReference section */
		8B70273224366FBA00ABAEE2 /* TableViewController.swift */ = {isa = PBXFileReference; lastKnownFileType = sourcecode.swift; path = TableViewController.swift; sourceTree = "<group>"; };
		8B7027342436720D00ABAEE2 /* CustomCell.swift */ = {isa = PBXFileReference; lastKnownFileType = sourcecode.swift; path = CustomCell.swift; sourceTree = "<group>"; };
		BD3EA3F3243BA75700223378 /* Base */ = {isa = PBXFileReference; lastKnownFileType = file.storyboard; name = Base; path = Base.lproj/Explorar.storyboard; sourceTree = "<group>"; };
		BD3EA3F5243BA77D00223378 /* ViewController_Explorar.swift */ = {isa = PBXFileReference; lastKnownFileType = sourcecode.swift; name = ViewController_Explorar.swift; path = App_aprender_a_estudar/ViewControllers/ViewController_Explorar.swift; sourceTree = SOURCE_ROOT; };
		BDA860B2243263ED00EC3267 /* App_aprender_a_estudar.app */ = {isa = PBXFileReference; explicitFileType = wrapper.application; includeInIndex = 0; path = App_aprender_a_estudar.app; sourceTree = BUILT_PRODUCTS_DIR; };
		BDA860B5243263ED00EC3267 /* AppDelegate.swift */ = {isa = PBXFileReference; lastKnownFileType = sourcecode.swift; path = AppDelegate.swift; sourceTree = "<group>"; };
		BDA860B7243263ED00EC3267 /* SceneDelegate.swift */ = {isa = PBXFileReference; lastKnownFileType = sourcecode.swift; path = SceneDelegate.swift; sourceTree = "<group>"; };
		BDA860B9243263ED00EC3267 /* ViewController_main.swift */ = {isa = PBXFileReference; lastKnownFileType = sourcecode.swift; path = ViewController_main.swift; sourceTree = "<group>"; };
		BDA860BC243263ED00EC3267 /* Base */ = {isa = PBXFileReference; lastKnownFileType = file.storyboard; name = Base; path = Base.lproj/Main.storyboard; sourceTree = "<group>"; };
		BDA860BE243263EE00EC3267 /* Assets.xcassets */ = {isa = PBXFileReference; lastKnownFileType = folder.assetcatalog; path = Assets.xcassets; sourceTree = "<group>"; };
		BDA860C1243263EE00EC3267 /* Base */ = {isa = PBXFileReference; lastKnownFileType = file.storyboard; name = Base; path = Base.lproj/LaunchScreen.storyboard; sourceTree = "<group>"; };
		BDA860C3243263EE00EC3267 /* Info.plist */ = {isa = PBXFileReference; lastKnownFileType = text.plist.xml; path = Info.plist; sourceTree = "<group>"; };
		BDA860C8243263EE00EC3267 /* App_aprender_a_estudarTests.xctest */ = {isa = PBXFileReference; explicitFileType = wrapper.cfbundle; includeInIndex = 0; path = App_aprender_a_estudarTests.xctest; sourceTree = BUILT_PRODUCTS_DIR; };
		BDA860CC243263EE00EC3267 /* App_aprender_a_estudarTests.swift */ = {isa = PBXFileReference; lastKnownFileType = sourcecode.swift; path = App_aprender_a_estudarTests.swift; sourceTree = "<group>"; };
		BDA860CE243263EE00EC3267 /* Info.plist */ = {isa = PBXFileReference; lastKnownFileType = text.plist.xml; path = Info.plist; sourceTree = "<group>"; };
		BDA860D3243263EE00EC3267 /* App_aprender_a_estudarUITests.xctest */ = {isa = PBXFileReference; explicitFileType = wrapper.cfbundle; includeInIndex = 0; path = App_aprender_a_estudarUITests.xctest; sourceTree = BUILT_PRODUCTS_DIR; };
		BDA860D7243263EE00EC3267 /* App_aprender_a_estudarUITests.swift */ = {isa = PBXFileReference; lastKnownFileType = sourcecode.swift; path = App_aprender_a_estudarUITests.swift; sourceTree = "<group>"; };
		BDA860D9243263EE00EC3267 /* Info.plist */ = {isa = PBXFileReference; lastKnownFileType = text.plist.xml; path = Info.plist; sourceTree = "<group>"; };
		BDA860E52432691000EC3267 /* ViewController_menu.swift */ = {isa = PBXFileReference; lastKnownFileType = sourcecode.swift; path = ViewController_menu.swift; sourceTree = "<group>"; };
		BDA860F424326AF600EC3267 /* Base */ = {isa = PBXFileReference; lastKnownFileType = file.storyboard; name = Base; path = App_aprender_a_estudar/Views/Base.lproj/Storyboard.storyboard; sourceTree = "<group>"; };
		BDA860F9243271EB00EC3267 /* Base */ = {isa = PBXFileReference; lastKnownFileType = file.storyboard; name = Base; path = Base.lproj/Menu.storyboard; sourceTree = "<group>"; };
		BDA860FB2432B62100EC3267 /* ViewController_AddEstudo.swift */ = {isa = PBXFileReference; lastKnownFileType = sourcecode.swift; name = ViewController_AddEstudo.swift; path = App_aprender_a_estudar/ViewControllers/ViewController_AddEstudo.swift; sourceTree = SOURCE_ROOT; };
		BDA860FE2432B66400EC3267 /* Base */ = {isa = PBXFileReference; lastKnownFileType = file.storyboard; name = Base; path = App_aprender_a_estudar/Views/Base.lproj/AddEstudo.storyboard; sourceTree = "<group>"; };
		BDA86100243385B200EC3267 /* Estudo.swift */ = {isa = PBXFileReference; lastKnownFileType = sourcecode.swift; name = Estudo.swift; path = App_aprender_a_estudar/Estudo.swift; sourceTree = SOURCE_ROOT; };
/* End PBXFileReference section */

/* Begin PBXFrameworksBuildPhase section */
		BDA860AF243263ED00EC3267 /* Frameworks */ = {
			isa = PBXFrameworksBuildPhase;
			buildActionMask = 2147483647;
			files = (
			);
			runOnlyForDeploymentPostprocessing = 0;
		};
		BDA860C5243263EE00EC3267 /* Frameworks */ = {
			isa = PBXFrameworksBuildPhase;
			buildActionMask = 2147483647;
			files = (
			);
			runOnlyForDeploymentPostprocessing = 0;
		};
		BDA860D0243263EE00EC3267 /* Frameworks */ = {
			isa = PBXFrameworksBuildPhase;
			buildActionMask = 2147483647;
			files = (
			);
			runOnlyForDeploymentPostprocessing = 0;
		};
/* End PBXFrameworksBuildPhase section */

/* Begin PBXGroup section */
		BDA860A9243263ED00EC3267 = {
			isa = PBXGroup;
			children = (
				BDA860F324326AF600EC3267 /* Storyboard.storyboard */,
				BDA860B4243263ED00EC3267 /* App_aprender_a_estudar */,
				BDA860CB243263EE00EC3267 /* App_aprender_a_estudarTests */,
				BDA860D6243263EE00EC3267 /* App_aprender_a_estudarUITests */,
				BDA860B3243263ED00EC3267 /* Products */,
			);
			sourceTree = "<group>";
		};
		BDA860B3243263ED00EC3267 /* Products */ = {
			isa = PBXGroup;
			children = (
				BDA860B2243263ED00EC3267 /* App_aprender_a_estudar.app */,
				BDA860C8243263EE00EC3267 /* App_aprender_a_estudarTests.xctest */,
				BDA860D3243263EE00EC3267 /* App_aprender_a_estudarUITests.xctest */,
			);
			name = Products;
			sourceTree = "<group>";
		};
		BDA860B4243263ED00EC3267 /* App_aprender_a_estudar */ = {
			isa = PBXGroup;
			children = (
				BDA860B5243263ED00EC3267 /* AppDelegate.swift */,
				BDA860B7243263ED00EC3267 /* SceneDelegate.swift */,
				BDA86100243385B200EC3267 /* Estudo.swift */,
				BDA860E72432691700EC3267 /* ViewControllers */,
				BDA860E82432692F00EC3267 /* Views */,
				BDA860BE243263EE00EC3267 /* Assets.xcassets */,
				BDA860C0243263EE00EC3267 /* LaunchScreen.storyboard */,
				BDA860C3243263EE00EC3267 /* Info.plist */,
			);
			path = App_aprender_a_estudar;
			sourceTree = "<group>";
		};
		BDA860CB243263EE00EC3267 /* App_aprender_a_estudarTests */ = {
			isa = PBXGroup;
			children = (
				BDA860CC243263EE00EC3267 /* App_aprender_a_estudarTests.swift */,
				BDA860CE243263EE00EC3267 /* Info.plist */,
			);
			path = App_aprender_a_estudarTests;
			sourceTree = "<group>";
		};
		BDA860D6243263EE00EC3267 /* App_aprender_a_estudarUITests */ = {
			isa = PBXGroup;
			children = (
				BDA860D7243263EE00EC3267 /* App_aprender_a_estudarUITests.swift */,
				BDA860D9243263EE00EC3267 /* Info.plist */,
			);
			path = App_aprender_a_estudarUITests;
			sourceTree = "<group>";
		};
		BDA860E72432691700EC3267 /* ViewControllers */ = {
			isa = PBXGroup;
			children = (
				BDA860B9243263ED00EC3267 /* ViewController_main.swift */,
				BDA860E52432691000EC3267 /* ViewController_menu.swift */,
				BDA860FB2432B62100EC3267 /* ViewController_AddEstudo.swift */,
				8B70273224366FBA00ABAEE2 /* TableViewController.swift */,
				8B7027342436720D00ABAEE2 /* CustomCell.swift */,
				BD3EA3F5243BA77D00223378 /* ViewController_Explorar.swift */,
			);
			path = ViewControllers;
			sourceTree = "<group>";
		};
		BDA860E82432692F00EC3267 /* Views */ = {
			isa = PBXGroup;
			children = (
				BDA860BB243263ED00EC3267 /* Main.storyboard */,
				BDA860F8243271EB00EC3267 /* Menu.storyboard */,
				BDA860FD2432B66400EC3267 /* AddEstudo.storyboard */,
				BD3EA3F2243BA75700223378 /* Explorar.storyboard */,
			);
			path = Views;
			sourceTree = "<group>";
		};
/* End PBXGroup section */

/* Begin PBXNativeTarget section */
		BDA860B1243263ED00EC3267 /* App_aprender_a_estudar */ = {
			isa = PBXNativeTarget;
			buildConfigurationList = BDA860DC243263EE00EC3267 /* Build configuration list for PBXNativeTarget "App_aprender_a_estudar" */;
			buildPhases = (
				BDA860AE243263ED00EC3267 /* Sources */,
				BDA860AF243263ED00EC3267 /* Frameworks */,
				BDA860B0243263ED00EC3267 /* Resources */,
			);
			buildRules = (
			);
			dependencies = (
			);
			name = App_aprender_a_estudar;
			productName = App_aprender_a_estudar;
			productReference = BDA860B2243263ED00EC3267 /* App_aprender_a_estudar.app */;
			productType = "com.apple.product-type.application";
		};
		BDA860C7243263EE00EC3267 /* App_aprender_a_estudarTests */ = {
			isa = PBXNativeTarget;
			buildConfigurationList = BDA860DF243263EE00EC3267 /* Build configuration list for PBXNativeTarget "App_aprender_a_estudarTests" */;
			buildPhases = (
				BDA860C4243263EE00EC3267 /* Sources */,
				BDA860C5243263EE00EC3267 /* Frameworks */,
				BDA860C6243263EE00EC3267 /* Resources */,
			);
			buildRules = (
			);
			dependencies = (
				BDA860CA243263EE00EC3267 /* PBXTargetDependency */,
			);
			name = App_aprender_a_estudarTests;
			productName = App_aprender_a_estudarTests;
			productReference = BDA860C8243263EE00EC3267 /* App_aprender_a_estudarTests.xctest */;
			productType = "com.apple.product-type.bundle.unit-test";
		};
		BDA860D2243263EE00EC3267 /* App_aprender_a_estudarUITests */ = {
			isa = PBXNativeTarget;
			buildConfigurationList = BDA860E2243263EE00EC3267 /* Build configuration list for PBXNativeTarget "App_aprender_a_estudarUITests" */;
			buildPhases = (
				BDA860CF243263EE00EC3267 /* Sources */,
				BDA860D0243263EE00EC3267 /* Frameworks */,
				BDA860D1243263EE00EC3267 /* Resources */,
			);
			buildRules = (
			);
			dependencies = (
				BDA860D5243263EE00EC3267 /* PBXTargetDependency */,
			);
			name = App_aprender_a_estudarUITests;
			productName = App_aprender_a_estudarUITests;
			productReference = BDA860D3243263EE00EC3267 /* App_aprender_a_estudarUITests.xctest */;
			productType = "com.apple.product-type.bundle.ui-testing";
		};
/* End PBXNativeTarget section */

/* Begin PBXProject section */
		BDA860AA243263ED00EC3267 /* Project object */ = {
			isa = PBXProject;
			attributes = {
				LastSwiftUpdateCheck = 1140;
				LastUpgradeCheck = 1140;
				ORGANIZATIONNAME = "Rodrigo Ryo Aoki";
				TargetAttributes = {
					BDA860B1243263ED00EC3267 = {
						CreatedOnToolsVersion = 11.4;
					};
					BDA860C7243263EE00EC3267 = {
						CreatedOnToolsVersion = 11.4;
						TestTargetID = BDA860B1243263ED00EC3267;
					};
					BDA860D2243263EE00EC3267 = {
						CreatedOnToolsVersion = 11.4;
						TestTargetID = BDA860B1243263ED00EC3267;
					};
				};
			};
			buildConfigurationList = BDA860AD243263ED00EC3267 /* Build configuration list for PBXProject "App_aprender_a_estudar" */;
			compatibilityVersion = "Xcode 9.3";
			developmentRegion = en;
			hasScannedForEncodings = 0;
			knownRegions = (
				en,
				Base,
			);
			mainGroup = BDA860A9243263ED00EC3267;
			productRefGroup = BDA860B3243263ED00EC3267 /* Products */;
			projectDirPath = "";
			projectRoot = "";
			targets = (
				BDA860B1243263ED00EC3267 /* App_aprender_a_estudar */,
				BDA860C7243263EE00EC3267 /* App_aprender_a_estudarTests */,
				BDA860D2243263EE00EC3267 /* App_aprender_a_estudarUITests */,
			);
		};
/* End PBXProject section */

/* Begin PBXResourcesBuildPhase section */
		BDA860B0243263ED00EC3267 /* Resources */ = {
			isa = PBXResourcesBuildPhase;
			buildActionMask = 2147483647;
			files = (
				BDA860C2243263EE00EC3267 /* LaunchScreen.storyboard in Resources */,
				BDA860BF243263EE00EC3267 /* Assets.xcassets in Resources */,
				BDA860FF2432B66400EC3267 /* AddEstudo.storyboard in Resources */,
				BDA860BD243263ED00EC3267 /* Main.storyboard in Resources */,
				BD3EA3F4243BA75700223378 /* Explorar.storyboard in Resources */,
				BDA860FA243271EB00EC3267 /* Menu.storyboard in Resources */,
				BDA860F524326AF600EC3267 /* Storyboard.storyboard in Resources */,
			);
			runOnlyForDeploymentPostprocessing = 0;
		};
		BDA860C6243263EE00EC3267 /* Resources */ = {
			isa = PBXResourcesBuildPhase;
			buildActionMask = 2147483647;
			files = (
			);
			runOnlyForDeploymentPostprocessing = 0;
		};
		BDA860D1243263EE00EC3267 /* Resources */ = {
			isa = PBXResourcesBuildPhase;
			buildActionMask = 2147483647;
			files = (
			);
			runOnlyForDeploymentPostprocessing = 0;
		};
/* End PBXResourcesBuildPhase section */

/* Begin PBXSourcesBuildPhase section */
		BDA860AE243263ED00EC3267 /* Sources */ = {
			isa = PBXSourcesBuildPhase;
			buildActionMask = 2147483647;
			files = (
				BDA860BA243263ED00EC3267 /* ViewController_main.swift in Sources */,
				BDA860E62432691000EC3267 /* ViewController_menu.swift in Sources */,
				BD3EA3F6243BA77D00223378 /* ViewController_Explorar.swift in Sources */,
				BDA860B6243263ED00EC3267 /* AppDelegate.swift in Sources */,
				8B70273324366FBA00ABAEE2 /* TableViewController.swift in Sources */,
				8B7027352436720D00ABAEE2 /* CustomCell.swift in Sources */,
				BDA86101243385B200EC3267 /* Estudo.swift in Sources */,
				BDA860FC2432B62100EC3267 /* ViewController_AddEstudo.swift in Sources */,
				BDA860B8243263ED00EC3267 /* SceneDelegate.swift in Sources */,
			);
			runOnlyForDeploymentPostprocessing = 0;
		};
		BDA860C4243263EE00EC3267 /* Sources */ = {
			isa = PBXSourcesBuildPhase;
			buildActionMask = 2147483647;
			files = (
				BDA860CD243263EE00EC3267 /* App_aprender_a_estudarTests.swift in Sources */,
			);
			runOnlyForDeploymentPostprocessing = 0;
		};
		BDA860CF243263EE00EC3267 /* Sources */ = {
			isa = PBXSourcesBuildPhase;
			buildActionMask = 2147483647;
			files = (
				BDA860D8243263EE00EC3267 /* App_aprender_a_estudarUITests.swift in Sources */,
			);
			runOnlyForDeploymentPostprocessing = 0;
		};
/* End PBXSourcesBuildPhase section */

/* Begin PBXTargetDependency section */
		BDA860CA243263EE00EC3267 /* PBXTargetDependency */ = {
			isa = PBXTargetDependency;
			target = BDA860B1243263ED00EC3267 /* App_aprender_a_estudar */;
			targetProxy = BDA860C9243263EE00EC3267 /* PBXContainerItemProxy */;
		};
		BDA860D5243263EE00EC3267 /* PBXTargetDependency */ = {
			isa = PBXTargetDependency;
			target = BDA860B1243263ED00EC3267 /* App_aprender_a_estudar */;
			targetProxy = BDA860D4243263EE00EC3267 /* PBXContainerItemProxy */;
		};
/* End PBXTargetDependency section */

/* Begin PBXVariantGroup section */
		BD3EA3F2243BA75700223378 /* Explorar.storyboard */ = {
			isa = PBXVariantGroup;
			children = (
				BD3EA3F3243BA75700223378 /* Base */,
			);
			name = Explorar.storyboard;
			sourceTree = "<group>";
		};
		BDA860BB243263ED00EC3267 /* Main.storyboard */ = {
			isa = PBXVariantGroup;
			children = (
				BDA860BC243263ED00EC3267 /* Base */,
			);
			name = Main.storyboard;
			sourceTree = "<group>";
		};
		BDA860C0243263EE00EC3267 /* LaunchScreen.storyboard */ = {
			isa = PBXVariantGroup;
			children = (
				BDA860C1243263EE00EC3267 /* Base */,
			);
			name = LaunchScreen.storyboard;
			sourceTree = "<group>";
		};
		BDA860F324326AF600EC3267 /* Storyboard.storyboard */ = {
			isa = PBXVariantGroup;
			children = (
				BDA860F424326AF600EC3267 /* Base */,
			);
			name = Storyboard.storyboard;
			sourceTree = "<group>";
		};
		BDA860F8243271EB00EC3267 /* Menu.storyboard */ = {
			isa = PBXVariantGroup;
			children = (
				BDA860F9243271EB00EC3267 /* Base */,
			);
			name = Menu.storyboard;
			sourceTree = "<group>";
		};
		BDA860FD2432B66400EC3267 /* AddEstudo.storyboard */ = {
			isa = PBXVariantGroup;
			children = (
				BDA860FE2432B66400EC3267 /* Base */,
			);
			name = AddEstudo.storyboard;
			sourceTree = "<group>";
		};
/* End PBXVariantGroup section */

/* Begin XCBuildConfiguration section */
		BDA860DA243263EE00EC3267 /* Debug */ = {
			isa = XCBuildConfiguration;
			buildSettings = {
				ALWAYS_SEARCH_USER_PATHS = NO;
				CLANG_ANALYZER_NONNULL = YES;
				CLANG_ANALYZER_NUMBER_OBJECT_CONVERSION = YES_AGGRESSIVE;
				CLANG_CXX_LANGUAGE_STANDARD = "gnu++14";
				CLANG_CXX_LIBRARY = "libc++";
				CLANG_ENABLE_MODULES = YES;
				CLANG_ENABLE_OBJC_ARC = YES;
				CLANG_ENABLE_OBJC_WEAK = YES;
				CLANG_WARN_BLOCK_CAPTURE_AUTORELEASING = YES;
				CLANG_WARN_BOOL_CONVERSION = YES;
				CLANG_WARN_COMMA = YES;
				CLANG_WARN_CONSTANT_CONVERSION = YES;
				CLANG_WARN_DEPRECATED_OBJC_IMPLEMENTATIONS = YES;
				CLANG_WARN_DIRECT_OBJC_ISA_USAGE = YES_ERROR;
				CLANG_WARN_DOCUMENTATION_COMMENTS = YES;
				CLANG_WARN_EMPTY_BODY = YES;
				CLANG_WARN_ENUM_CONVERSION = YES;
				CLANG_WARN_INFINITE_RECURSION = YES;
				CLANG_WARN_INT_CONVERSION = YES;
				CLANG_WARN_NON_LITERAL_NULL_CONVERSION = YES;
				CLANG_WARN_OBJC_IMPLICIT_RETAIN_SELF = YES;
				CLANG_WARN_OBJC_LITERAL_CONVERSION = YES;
				CLANG_WARN_OBJC_ROOT_CLASS = YES_ERROR;
				CLANG_WARN_RANGE_LOOP_ANALYSIS = YES;
				CLANG_WARN_STRICT_PROTOTYPES = YES;
				CLANG_WARN_SUSPICIOUS_MOVE = YES;
				CLANG_WARN_UNGUARDED_AVAILABILITY = YES_AGGRESSIVE;
				CLANG_WARN_UNREACHABLE_CODE = YES;
				CLANG_WARN__DUPLICATE_METHOD_MATCH = YES;
				COPY_PHASE_STRIP = NO;
				DEBUG_INFORMATION_FORMAT = dwarf;
				ENABLE_STRICT_OBJC_MSGSEND = YES;
				ENABLE_TESTABILITY = YES;
				GCC_C_LANGUAGE_STANDARD = gnu11;
				GCC_DYNAMIC_NO_PIC = NO;
				GCC_NO_COMMON_BLOCKS = YES;
				GCC_OPTIMIZATION_LEVEL = 0;
				GCC_PREPROCESSOR_DEFINITIONS = (
					"DEBUG=1",
					"$(inherited)",
				);
				GCC_WARN_64_TO_32_BIT_CONVERSION = YES;
				GCC_WARN_ABOUT_RETURN_TYPE = YES_ERROR;
				GCC_WARN_UNDECLARED_SELECTOR = YES;
				GCC_WARN_UNINITIALIZED_AUTOS = YES_AGGRESSIVE;
				GCC_WARN_UNUSED_FUNCTION = YES;
				GCC_WARN_UNUSED_VARIABLE = YES;
				IPHONEOS_DEPLOYMENT_TARGET = 13.4;
				MTL_ENABLE_DEBUG_INFO = INCLUDE_SOURCE;
				MTL_FAST_MATH = YES;
				ONLY_ACTIVE_ARCH = YES;
				SDKROOT = iphoneos;
				SWIFT_ACTIVE_COMPILATION_CONDITIONS = DEBUG;
				SWIFT_OPTIMIZATION_LEVEL = "-Onone";
			};
			name = Debug;
		};
		BDA860DB243263EE00EC3267 /* Release */ = {
			isa = XCBuildConfiguration;
			buildSettings = {
				ALWAYS_SEARCH_USER_PATHS = NO;
				CLANG_ANALYZER_NONNULL = YES;
				CLANG_ANALYZER_NUMBER_OBJECT_CONVERSION = YES_AGGRESSIVE;
				CLANG_CXX_LANGUAGE_STANDARD = "gnu++14";
				CLANG_CXX_LIBRARY = "libc++";
				CLANG_ENABLE_MODULES = YES;
				CLANG_ENABLE_OBJC_ARC = YES;
				CLANG_ENABLE_OBJC_WEAK = YES;
				CLANG_WARN_BLOCK_CAPTURE_AUTORELEASING = YES;
				CLANG_WARN_BOOL_CONVERSION = YES;
				CLANG_WARN_COMMA = YES;
				CLANG_WARN_CONSTANT_CONVERSION = YES;
				CLANG_WARN_DEPRECATED_OBJC_IMPLEMENTATIONS = YES;
				CLANG_WARN_DIRECT_OBJC_ISA_USAGE = YES_ERROR;
				CLANG_WARN_DOCUMENTATION_COMMENTS = YES;
				CLANG_WARN_EMPTY_BODY = YES;
				CLANG_WARN_ENUM_CONVERSION = YES;
				CLANG_WARN_INFINITE_RECURSION = YES;
				CLANG_WARN_INT_CONVERSION = YES;
				CLANG_WARN_NON_LITERAL_NULL_CONVERSION = YES;
				CLANG_WARN_OBJC_IMPLICIT_RETAIN_SELF = YES;
				CLANG_WARN_OBJC_LITERAL_CONVERSION = YES;
				CLANG_WARN_OBJC_ROOT_CLASS = YES_ERROR;
				CLANG_WARN_RANGE_LOOP_ANALYSIS = YES;
				CLANG_WARN_STRICT_PROTOTYPES = YES;
				CLANG_WARN_SUSPICIOUS_MOVE = YES;
				CLANG_WARN_UNGUARDED_AVAILABILITY = YES_AGGRESSIVE;
				CLANG_WARN_UNREACHABLE_CODE = YES;
				CLANG_WARN__DUPLICATE_METHOD_MATCH = YES;
				COPY_PHASE_STRIP = NO;
				DEBUG_INFORMATION_FORMAT = "dwarf-with-dsym";
				ENABLE_NS_ASSERTIONS = NO;
				ENABLE_STRICT_OBJC_MSGSEND = YES;
				GCC_C_LANGUAGE_STANDARD = gnu11;
				GCC_NO_COMMON_BLOCKS = YES;
				GCC_WARN_64_TO_32_BIT_CONVERSION = YES;
				GCC_WARN_ABOUT_RETURN_TYPE = YES_ERROR;
				GCC_WARN_UNDECLARED_SELECTOR = YES;
				GCC_WARN_UNINITIALIZED_AUTOS = YES_AGGRESSIVE;
				GCC_WARN_UNUSED_FUNCTION = YES;
				GCC_WARN_UNUSED_VARIABLE = YES;
				IPHONEOS_DEPLOYMENT_TARGET = 13.4;
				MTL_ENABLE_DEBUG_INFO = NO;
				MTL_FAST_MATH = YES;
				SDKROOT = iphoneos;
				SWIFT_COMPILATION_MODE = wholemodule;
				SWIFT_OPTIMIZATION_LEVEL = "-O";
				VALIDATE_PRODUCT = YES;
			};
			name = Release;
		};
		BDA860DD243263EE00EC3267 /* Debug */ = {
			isa = XCBuildConfiguration;
			buildSettings = {
				ASSETCATALOG_COMPILER_APPICON_NAME = AppIcon;
				CODE_SIGN_STYLE = Automatic;
				DEVELOPMENT_TEAM = "";
				INFOPLIST_FILE = App_aprender_a_estudar/Info.plist;
				LD_RUNPATH_SEARCH_PATHS = (
					"$(inherited)",
					"@executable_path/Frameworks",
				);
				PRODUCT_BUNDLE_IDENTIFIER = "Grupo2.App-aprender-a-estudar";
				PRODUCT_NAME = "$(TARGET_NAME)";
				SWIFT_VERSION = 5.0;
				TARGETED_DEVICE_FAMILY = "1,2";
			};
			name = Debug;
		};
		BDA860DE243263EE00EC3267 /* Release */ = {
			isa = XCBuildConfiguration;
			buildSettings = {
				ASSETCATALOG_COMPILER_APPICON_NAME = AppIcon;
				CODE_SIGN_STYLE = Automatic;
				DEVELOPMENT_TEAM = "";
				INFOPLIST_FILE = App_aprender_a_estudar/Info.plist;
				LD_RUNPATH_SEARCH_PATHS = (
					"$(inherited)",
					"@executable_path/Frameworks",
				);
				PRODUCT_BUNDLE_IDENTIFIER = "Grupo2.App-aprender-a-estudar";
				PRODUCT_NAME = "$(TARGET_NAME)";
				SWIFT_VERSION = 5.0;
				TARGETED_DEVICE_FAMILY = "1,2";
			};
			name = Release;
		};
		BDA860E0243263EE00EC3267 /* Debug */ = {
			isa = XCBuildConfiguration;
			buildSettings = {
				ALWAYS_EMBED_SWIFT_STANDARD_LIBRARIES = YES;
				BUNDLE_LOADER = "$(TEST_HOST)";
				CODE_SIGN_STYLE = Automatic;
				INFOPLIST_FILE = App_aprender_a_estudarTests/Info.plist;
				IPHONEOS_DEPLOYMENT_TARGET = 13.4;
				LD_RUNPATH_SEARCH_PATHS = (
					"$(inherited)",
					"@executable_path/Frameworks",
					"@loader_path/Frameworks",
				);
				PRODUCT_BUNDLE_IDENTIFIER = "Grupo2.App-aprender-a-estudarTests";
				PRODUCT_NAME = "$(TARGET_NAME)";
				SWIFT_VERSION = 5.0;
				TARGETED_DEVICE_FAMILY = "1,2";
				TEST_HOST = "$(BUILT_PRODUCTS_DIR)/App_aprender_a_estudar.app/App_aprender_a_estudar";
			};
			name = Debug;
		};
		BDA860E1243263EE00EC3267 /* Release */ = {
			isa = XCBuildConfiguration;
			buildSettings = {
				ALWAYS_EMBED_SWIFT_STANDARD_LIBRARIES = YES;
				BUNDLE_LOADER = "$(TEST_HOST)";
				CODE_SIGN_STYLE = Automatic;
				INFOPLIST_FILE = App_aprender_a_estudarTests/Info.plist;
				IPHONEOS_DEPLOYMENT_TARGET = 13.4;
				LD_RUNPATH_SEARCH_PATHS = (
					"$(inherited)",
					"@executable_path/Frameworks",
					"@loader_path/Frameworks",
				);
				PRODUCT_BUNDLE_IDENTIFIER = "Grupo2.App-aprender-a-estudarTests";
				PRODUCT_NAME = "$(TARGET_NAME)";
				SWIFT_VERSION = 5.0;
				TARGETED_DEVICE_FAMILY = "1,2";
				TEST_HOST = "$(BUILT_PRODUCTS_DIR)/App_aprender_a_estudar.app/App_aprender_a_estudar";
			};
			name = Release;
		};
		BDA860E3243263EE00EC3267 /* Debug */ = {
			isa = XCBuildConfiguration;
			buildSettings = {
				ALWAYS_EMBED_SWIFT_STANDARD_LIBRARIES = YES;
				CODE_SIGN_STYLE = Automatic;
				INFOPLIST_FILE = App_aprender_a_estudarUITests/Info.plist;
				LD_RUNPATH_SEARCH_PATHS = (
					"$(inherited)",
					"@executable_path/Frameworks",
					"@loader_path/Frameworks",
				);
				PRODUCT_BUNDLE_IDENTIFIER = "Grupo2.App-aprender-a-estudarUITests";
				PRODUCT_NAME = "$(TARGET_NAME)";
				SWIFT_VERSION = 5.0;
				TARGETED_DEVICE_FAMILY = "1,2";
				TEST_TARGET_NAME = App_aprender_a_estudar;
			};
			name = Debug;
		};
		BDA860E4243263EE00EC3267 /* Release */ = {
			isa = XCBuildConfiguration;
			buildSettings = {
				ALWAYS_EMBED_SWIFT_STANDARD_LIBRARIES = YES;
				CODE_SIGN_STYLE = Automatic;
				INFOPLIST_FILE = App_aprender_a_estudarUITests/Info.plist;
				LD_RUNPATH_SEARCH_PATHS = (
					"$(inherited)",
					"@executable_path/Frameworks",
					"@loader_path/Frameworks",
				);
				PRODUCT_BUNDLE_IDENTIFIER = "Grupo2.App-aprender-a-estudarUITests";
				PRODUCT_NAME = "$(TARGET_NAME)";
				SWIFT_VERSION = 5.0;
				TARGETED_DEVICE_FAMILY = "1,2";
				TEST_TARGET_NAME = App_aprender_a_estudar;
			};
			name = Release;
		};
/* End XCBuildConfiguration section */

/* Begin XCConfigurationList section */
		BDA860AD243263ED00EC3267 /* Build configuration list for PBXProject "App_aprender_a_estudar" */ = {
			isa = XCConfigurationList;
			buildConfigurations = (
				BDA860DA243263EE00EC3267 /* Debug */,
				BDA860DB243263EE00EC3267 /* Release */,
			);
			defaultConfigurationIsVisible = 0;
			defaultConfigurationName = Release;
		};
		BDA860DC243263EE00EC3267 /* Build configuration list for PBXNativeTarget "App_aprender_a_estudar" */ = {
			isa = XCConfigurationList;
			buildConfigurations = (
				BDA860DD243263EE00EC3267 /* Debug */,
				BDA860DE243263EE00EC3267 /* Release */,
			);
			defaultConfigurationIsVisible = 0;
			defaultConfigurationName = Release;
		};
		BDA860DF243263EE00EC3267 /* Build configuration list for PBXNativeTarget "App_aprender_a_estudarTests" */ = {
			isa = XCConfigurationList;
			buildConfigurations = (
				BDA860E0243263EE00EC3267 /* Debug */,
				BDA860E1243263EE00EC3267 /* Release */,
			);
			defaultConfigurationIsVisible = 0;
			defaultConfigurationName = Release;
		};
		BDA860E2243263EE00EC3267 /* Build configuration list for PBXNativeTarget "App_aprender_a_estudarUITests" */ = {
			isa = XCConfigurationList;
			buildConfigurations = (
				BDA860E3243263EE00EC3267 /* Debug */,
				BDA860E4243263EE00EC3267 /* Release */,
			);
			defaultConfigurationIsVisible = 0;
			defaultConfigurationName = Release;
		};
/* End XCConfigurationList section */
	};
	rootObject = BDA860AA243263ED00EC3267 /* Project object */;
}
